// !$*UTF8*$!
{
	archiveVersion = 1;
	classes = {
	};
	objectVersion = 56;
	objects = {

/* Begin PBXBuildFile section */
		1F1832E629B6270B00B19DA4 /* ImagesListService.swift in Sources */ = {isa = PBXBuildFile; fileRef = 1F1832E529B6270B00B19DA4 /* ImagesListService.swift */; };
		1F1832E829B7453100B19DA4 /* PhotoResult.swift in Sources */ = {isa = PBXBuildFile; fileRef = 1F1832E729B7453100B19DA4 /* PhotoResult.swift */; };
		1F1832EA29B7462700B19DA4 /* Photo.swift in Sources */ = {isa = PBXBuildFile; fileRef = 1F1832E929B7462700B19DA4 /* Photo.swift */; };
		1F1832EC29B7465100B19DA4 /* Date.swift in Sources */ = {isa = PBXBuildFile; fileRef = 1F1832EB29B7465100B19DA4 /* Date.swift */; };
		1F1832FB29B7540F00B19DA4 /* Gradient.swift in Sources */ = {isa = PBXBuildFile; fileRef = 1F1832FA29B7540F00B19DA4 /* Gradient.swift */; };
		1F25864B29756144004294EA /* OAuth2Service.swift in Sources */ = {isa = PBXBuildFile; fileRef = 1F25864A29756144004294EA /* OAuth2Service.swift */; };
		1F25864D29756157004294EA /* OAuth2TokenStorage.swift in Sources */ = {isa = PBXBuildFile; fileRef = 1F25864C29756157004294EA /* OAuth2TokenStorage.swift */; };
		1F258650297566C8004294EA /* SplashViewController.swift in Sources */ = {isa = PBXBuildFile; fileRef = 1F25864F297566C7004294EA /* SplashViewController.swift */; };
		1F276154292C000800B993CD /* AppDelegate.swift in Sources */ = {isa = PBXBuildFile; fileRef = 1F276153292C000800B993CD /* AppDelegate.swift */; };
		1F276156292C000800B993CD /* SceneDelegate.swift in Sources */ = {isa = PBXBuildFile; fileRef = 1F276155292C000800B993CD /* SceneDelegate.swift */; };
		1F276158292C000800B993CD /* ImagesListViewController.swift in Sources */ = {isa = PBXBuildFile; fileRef = 1F276157292C000800B993CD /* ImagesListViewController.swift */; };
		1F27615B292C000800B993CD /* Main.storyboard in Resources */ = {isa = PBXBuildFile; fileRef = 1F276159292C000800B993CD /* Main.storyboard */; };
		1F27615D292C000900B993CD /* Assets.xcassets in Resources */ = {isa = PBXBuildFile; fileRef = 1F27615C292C000900B993CD /* Assets.xcassets */; };
		1F276160292C000900B993CD /* LaunchScreen.storyboard in Resources */ = {isa = PBXBuildFile; fileRef = 1F27615E292C000900B993CD /* LaunchScreen.storyboard */; };
		1F276188292D091C00B993CD /* ImagesListCell.swift in Sources */ = {isa = PBXBuildFile; fileRef = 1F276187292D091C00B993CD /* ImagesListCell.swift */; };
		1F2AC0A1295D86D4007B5B88 /* AuthConfiguration.swift in Sources */ = {isa = PBXBuildFile; fileRef = 1F2AC0A0295D86D4007B5B88 /* AuthConfiguration.swift */; };
		1F2AC0A42969A5B1007B5B88 /* AuthViewController.swift in Sources */ = {isa = PBXBuildFile; fileRef = 1F2AC0A32969A5B1007B5B88 /* AuthViewController.swift */; };
		1F2AC0A62969B954007B5B88 /* WebViewViewController.swift in Sources */ = {isa = PBXBuildFile; fileRef = 1F2AC0A52969B954007B5B88 /* WebViewViewController.swift */; };
		1F6FAA1A299A3D2F00CC990E /* URLSession.swift in Sources */ = {isa = PBXBuildFile; fileRef = 1F6FAA19299A3D2F00CC990E /* URLSession.swift */; };
		1F6FAA1C299A3D4D00CC990E /* UIViewController.swift in Sources */ = {isa = PBXBuildFile; fileRef = 1F6FAA1B299A3D4D00CC990E /* UIViewController.swift */; };
		1F6FAA1E299A3D6800CC990E /* UILabel.swift in Sources */ = {isa = PBXBuildFile; fileRef = 1F6FAA1D299A3D6800CC990E /* UILabel.swift */; };
		1F6FAA20299A419F00CC990E /* ProfileImageService.swift in Sources */ = {isa = PBXBuildFile; fileRef = 1F6FAA1F299A419F00CC990E /* ProfileImageService.swift */; };
		1F6FAA22299A41E400CC990E /* UserResult.swift in Sources */ = {isa = PBXBuildFile; fileRef = 1F6FAA21299A41E400CC990E /* UserResult.swift */; };
		1F6FAA25299A4FF200CC990E /* OAuthTokenResponseBody.swift in Sources */ = {isa = PBXBuildFile; fileRef = 1F6FAA24299A4FF200CC990E /* OAuthTokenResponseBody.swift */; };
		1F6FAA27299A5C7100CC990E /* UIImage.swift in Sources */ = {isa = PBXBuildFile; fileRef = 1F6FAA26299A5C7100CC990E /* UIImage.swift */; };
		1F6FAA29299F648100CC990E /* TabBarController.swift in Sources */ = {isa = PBXBuildFile; fileRef = 1F6FAA28299F648100CC990E /* TabBarController.swift */; };
		1FA61F7029CA07BB0057DD73 /* WebViewPresenter.swift in Sources */ = {isa = PBXBuildFile; fileRef = 1FA61F6F29CA07BB0057DD73 /* WebViewPresenter.swift */; };
		1FA61F7429CA0E780057DD73 /* AuthHelper.swift in Sources */ = {isa = PBXBuildFile; fileRef = 1FA61F7329CA0E780057DD73 /* AuthHelper.swift */; };
		1FA61F7C29CA144A0057DD73 /* WebViewTests.swift in Sources */ = {isa = PBXBuildFile; fileRef = 1FA61F7B29CA144A0057DD73 /* WebViewTests.swift */; };
		1FA61F8929CA16A80057DD73 /* ImageFeedUITests.swift in Sources */ = {isa = PBXBuildFile; fileRef = 1FA61F8829CA16A80057DD73 /* ImageFeedUITests.swift */; };
		1FA61F9229CA1C1A0057DD73 /* ProfileViewTest.swift in Sources */ = {isa = PBXBuildFile; fileRef = 1FA61F9129CA1C1A0057DD73 /* ProfileViewTest.swift */; };
		1FA61F9429CA1C3D0057DD73 /* ImageListViewTest.swift in Sources */ = {isa = PBXBuildFile; fileRef = 1FA61F9329CA1C3D0057DD73 /* ImageListViewTest.swift */; };
		1FAA12932938CA5B000ED239 /* ProfileViewController.swift in Sources */ = {isa = PBXBuildFile; fileRef = 1FAA12922938CA5B000ED239 /* ProfileViewController.swift */; };
		1FAA129529433F35000ED239 /* SingleImageViewController.swift in Sources */ = {isa = PBXBuildFile; fileRef = 1FAA129429433F35000ED239 /* SingleImageViewController.swift */; };
		1FC4D45A298915C4002D4E8E /* ProgressHUD in Frameworks */ = {isa = PBXBuildFile; productRef = 1FC4D459298915C4002D4E8E /* ProgressHUD */; };
		1FC4D45D2989161E002D4E8E /* Kingfisher in Frameworks */ = {isa = PBXBuildFile; productRef = 1FC4D45C2989161E002D4E8E /* Kingfisher */; };
		1FC4D4602989163C002D4E8E /* SwiftKeychainWrapper in Frameworks */ = {isa = PBXBuildFile; productRef = 1FC4D45F2989163C002D4E8E /* SwiftKeychainWrapper */; };
		1FC4D46229892585002D4E8E /* UIBlockingProgressHUD.swift in Sources */ = {isa = PBXBuildFile; fileRef = 1FC4D46129892585002D4E8E /* UIBlockingProgressHUD.swift */; };
		1FC4D46429892769002D4E8E /* ProfileService.swift in Sources */ = {isa = PBXBuildFile; fileRef = 1FC4D46329892769002D4E8E /* ProfileService.swift */; };
		1FC4D46629892F9B002D4E8E /* Profile.swift in Sources */ = {isa = PBXBuildFile; fileRef = 1FC4D46529892F9B002D4E8E /* Profile.swift */; };
		1FC4D46829892FBD002D4E8E /* ProfileResult.swift in Sources */ = {isa = PBXBuildFile; fileRef = 1FC4D46729892FBD002D4E8E /* ProfileResult.swift */; };
		1FCBB8ED2955B0670079F3C8 /* Color.swift in Sources */ = {isa = PBXBuildFile; fileRef = 1FCBB8EC2955B0670079F3C8 /* Color.swift */; };
/* End PBXBuildFile section */

/* Begin PBXContainerItemProxy section */
		1FA61F7D29CA144A0057DD73 /* PBXContainerItemProxy */ = {
			isa = PBXContainerItemProxy;
			containerPortal = 1F276148292C000800B993CD /* Project object */;
			proxyType = 1;
			remoteGlobalIDString = 1F27614F292C000800B993CD;
			remoteInfo = ImageFeed;
		};
		1FA61F8C29CA16A80057DD73 /* PBXContainerItemProxy */ = {
			isa = PBXContainerItemProxy;
			containerPortal = 1F276148292C000800B993CD /* Project object */;
			proxyType = 1;
			remoteGlobalIDString = 1F27614F292C000800B993CD;
			remoteInfo = ImageFeed;
		};
/* End PBXContainerItemProxy section */

/* Begin PBXFileReference section */
		1F1832E529B6270B00B19DA4 /* ImagesListService.swift */ = {isa = PBXFileReference; lastKnownFileType = sourcecode.swift; path = ImagesListService.swift; sourceTree = "<group>"; };
		1F1832E729B7453100B19DA4 /* PhotoResult.swift */ = {isa = PBXFileReference; lastKnownFileType = sourcecode.swift; path = PhotoResult.swift; sourceTree = "<group>"; };
		1F1832E929B7462700B19DA4 /* Photo.swift */ = {isa = PBXFileReference; lastKnownFileType = sourcecode.swift; path = Photo.swift; sourceTree = "<group>"; };
		1F1832EB29B7465100B19DA4 /* Date.swift */ = {isa = PBXFileReference; lastKnownFileType = sourcecode.swift; path = Date.swift; sourceTree = "<group>"; };
		1F1832FA29B7540F00B19DA4 /* Gradient.swift */ = {isa = PBXFileReference; lastKnownFileType = sourcecode.swift; path = Gradient.swift; sourceTree = "<group>"; };
		1F25864A29756144004294EA /* OAuth2Service.swift */ = {isa = PBXFileReference; lastKnownFileType = sourcecode.swift; path = OAuth2Service.swift; sourceTree = "<group>"; };
		1F25864C29756157004294EA /* OAuth2TokenStorage.swift */ = {isa = PBXFileReference; lastKnownFileType = sourcecode.swift; path = OAuth2TokenStorage.swift; sourceTree = "<group>"; };
		1F25864F297566C7004294EA /* SplashViewController.swift */ = {isa = PBXFileReference; lastKnownFileType = sourcecode.swift; path = SplashViewController.swift; sourceTree = "<group>"; };
		1F276150292C000800B993CD /* ImageFeed.app */ = {isa = PBXFileReference; explicitFileType = wrapper.application; includeInIndex = 0; path = ImageFeed.app; sourceTree = BUILT_PRODUCTS_DIR; };
		1F276153292C000800B993CD /* AppDelegate.swift */ = {isa = PBXFileReference; lastKnownFileType = sourcecode.swift; path = AppDelegate.swift; sourceTree = "<group>"; };
		1F276155292C000800B993CD /* SceneDelegate.swift */ = {isa = PBXFileReference; lastKnownFileType = sourcecode.swift; path = SceneDelegate.swift; sourceTree = "<group>"; };
		1F276157292C000800B993CD /* ImagesListViewController.swift */ = {isa = PBXFileReference; lastKnownFileType = sourcecode.swift; path = ImagesListViewController.swift; sourceTree = "<group>"; };
		1F27615A292C000800B993CD /* Base */ = {isa = PBXFileReference; lastKnownFileType = file.storyboard; name = Base; path = Base.lproj/Main.storyboard; sourceTree = "<group>"; };
		1F27615C292C000900B993CD /* Assets.xcassets */ = {isa = PBXFileReference; lastKnownFileType = folder.assetcatalog; path = Assets.xcassets; sourceTree = "<group>"; };
		1F27615F292C000900B993CD /* Base */ = {isa = PBXFileReference; lastKnownFileType = file.storyboard; name = Base; path = Base.lproj/LaunchScreen.storyboard; sourceTree = "<group>"; };
		1F276161292C000900B993CD /* Info.plist */ = {isa = PBXFileReference; lastKnownFileType = text.plist.xml; path = Info.plist; sourceTree = "<group>"; };
		1F276187292D091C00B993CD /* ImagesListCell.swift */ = {isa = PBXFileReference; lastKnownFileType = sourcecode.swift; path = ImagesListCell.swift; sourceTree = "<group>"; };
		1F2AC0A0295D86D4007B5B88 /* AuthConfiguration.swift */ = {isa = PBXFileReference; lastKnownFileType = sourcecode.swift; path = AuthConfiguration.swift; sourceTree = "<group>"; };
		1F2AC0A32969A5B1007B5B88 /* AuthViewController.swift */ = {isa = PBXFileReference; lastKnownFileType = sourcecode.swift; path = AuthViewController.swift; sourceTree = "<group>"; };
		1F2AC0A52969B954007B5B88 /* WebViewViewController.swift */ = {isa = PBXFileReference; lastKnownFileType = sourcecode.swift; path = WebViewViewController.swift; sourceTree = "<group>"; };
		1F6FAA19299A3D2F00CC990E /* URLSession.swift */ = {isa = PBXFileReference; lastKnownFileType = sourcecode.swift; path = URLSession.swift; sourceTree = "<group>"; };
		1F6FAA1B299A3D4D00CC990E /* UIViewController.swift */ = {isa = PBXFileReference; lastKnownFileType = sourcecode.swift; path = UIViewController.swift; sourceTree = "<group>"; };
		1F6FAA1D299A3D6800CC990E /* UILabel.swift */ = {isa = PBXFileReference; lastKnownFileType = sourcecode.swift; path = UILabel.swift; sourceTree = "<group>"; };
		1F6FAA1F299A419F00CC990E /* ProfileImageService.swift */ = {isa = PBXFileReference; lastKnownFileType = sourcecode.swift; path = ProfileImageService.swift; sourceTree = "<group>"; };
		1F6FAA21299A41E400CC990E /* UserResult.swift */ = {isa = PBXFileReference; lastKnownFileType = sourcecode.swift; path = UserResult.swift; sourceTree = "<group>"; };
		1F6FAA24299A4FF200CC990E /* OAuthTokenResponseBody.swift */ = {isa = PBXFileReference; lastKnownFileType = sourcecode.swift; path = OAuthTokenResponseBody.swift; sourceTree = "<group>"; };
		1F6FAA26299A5C7100CC990E /* UIImage.swift */ = {isa = PBXFileReference; lastKnownFileType = sourcecode.swift; path = UIImage.swift; sourceTree = "<group>"; };
		1F6FAA28299F648100CC990E /* TabBarController.swift */ = {isa = PBXFileReference; lastKnownFileType = sourcecode.swift; path = TabBarController.swift; sourceTree = "<group>"; };
		1FA61F6F29CA07BB0057DD73 /* WebViewPresenter.swift */ = {isa = PBXFileReference; lastKnownFileType = sourcecode.swift; path = WebViewPresenter.swift; sourceTree = "<group>"; };
		1FA61F7329CA0E780057DD73 /* AuthHelper.swift */ = {isa = PBXFileReference; lastKnownFileType = sourcecode.swift; path = AuthHelper.swift; sourceTree = "<group>"; };
		1FA61F7929CA14490057DD73 /* ImageFeedTests.xctest */ = {isa = PBXFileReference; explicitFileType = wrapper.cfbundle; includeInIndex = 0; path = ImageFeedTests.xctest; sourceTree = BUILT_PRODUCTS_DIR; };
		1FA61F7B29CA144A0057DD73 /* WebViewTests.swift */ = {isa = PBXFileReference; lastKnownFileType = sourcecode.swift; path = WebViewTests.swift; sourceTree = "<group>"; };
		1FA61F8629CA16A80057DD73 /* ImageFeedUITests.xctest */ = {isa = PBXFileReference; explicitFileType = wrapper.cfbundle; includeInIndex = 0; path = ImageFeedUITests.xctest; sourceTree = BUILT_PRODUCTS_DIR; };
		1FA61F8829CA16A80057DD73 /* ImageFeedUITests.swift */ = {isa = PBXFileReference; lastKnownFileType = sourcecode.swift; path = ImageFeedUITests.swift; sourceTree = "<group>"; };
		1FA61F9129CA1C1A0057DD73 /* ProfileViewTest.swift */ = {isa = PBXFileReference; lastKnownFileType = sourcecode.swift; path = ProfileViewTest.swift; sourceTree = "<group>"; };
		1FA61F9329CA1C3D0057DD73 /* ImageListViewTest.swift */ = {isa = PBXFileReference; lastKnownFileType = sourcecode.swift; path = ImageListViewTest.swift; sourceTree = "<group>"; };
		1FAA12922938CA5B000ED239 /* ProfileViewController.swift */ = {isa = PBXFileReference; lastKnownFileType = sourcecode.swift; path = ProfileViewController.swift; sourceTree = "<group>"; };
		1FAA129429433F35000ED239 /* SingleImageViewController.swift */ = {isa = PBXFileReference; lastKnownFileType = sourcecode.swift; path = SingleImageViewController.swift; sourceTree = "<group>"; };
		1FC4D46129892585002D4E8E /* UIBlockingProgressHUD.swift */ = {isa = PBXFileReference; lastKnownFileType = sourcecode.swift; path = UIBlockingProgressHUD.swift; sourceTree = "<group>"; };
		1FC4D46329892769002D4E8E /* ProfileService.swift */ = {isa = PBXFileReference; lastKnownFileType = sourcecode.swift; path = ProfileService.swift; sourceTree = "<group>"; };
		1FC4D46529892F9B002D4E8E /* Profile.swift */ = {isa = PBXFileReference; lastKnownFileType = sourcecode.swift; path = Profile.swift; sourceTree = "<group>"; };
		1FC4D46729892FBD002D4E8E /* ProfileResult.swift */ = {isa = PBXFileReference; lastKnownFileType = sourcecode.swift; path = ProfileResult.swift; sourceTree = "<group>"; };
		1FCBB8EC2955B0670079F3C8 /* Color.swift */ = {isa = PBXFileReference; lastKnownFileType = sourcecode.swift; path = Color.swift; sourceTree = "<group>"; };
/* End PBXFileReference section */

/* Begin PBXFrameworksBuildPhase section */
		1F27614D292C000800B993CD /* Frameworks */ = {
			isa = PBXFrameworksBuildPhase;
			buildActionMask = 2147483647;
			files = (
				1FC4D45D2989161E002D4E8E /* Kingfisher in Frameworks */,
				1FC4D45A298915C4002D4E8E /* ProgressHUD in Frameworks */,
				1FC4D4602989163C002D4E8E /* SwiftKeychainWrapper in Frameworks */,
			);
			runOnlyForDeploymentPostprocessing = 0;
		};
		1FA61F7629CA14490057DD73 /* Frameworks */ = {
			isa = PBXFrameworksBuildPhase;
			buildActionMask = 2147483647;
			files = (
			);
			runOnlyForDeploymentPostprocessing = 0;
		};
		1FA61F8329CA16A80057DD73 /* Frameworks */ = {
			isa = PBXFrameworksBuildPhase;
			buildActionMask = 2147483647;
			files = (
			);
			runOnlyForDeploymentPostprocessing = 0;
		};
/* End PBXFrameworksBuildPhase section */

/* Begin PBXGroup section */
		1F25864829756119004294EA /* ServiceAccessLayer */ = {
			isa = PBXGroup;
			children = (
				1F25864929756120004294EA /* OAuth2 */,
			);
			path = ServiceAccessLayer;
			sourceTree = "<group>";
		};
		1F25864929756120004294EA /* OAuth2 */ = {
			isa = PBXGroup;
			children = (
				1F25864A29756144004294EA /* OAuth2Service.swift */,
				1F25864C29756157004294EA /* OAuth2TokenStorage.swift */,
				1F6FAA24299A4FF200CC990E /* OAuthTokenResponseBody.swift */,
			);
			path = OAuth2;
			sourceTree = "<group>";
		};
		1F25864E297566B2004294EA /* SplashViewController */ = {
			isa = PBXGroup;
			children = (
				1F25864F297566C7004294EA /* SplashViewController.swift */,
			);
			path = SplashViewController;
			sourceTree = "<group>";
		};
		1F276147292C000800B993CD = {
			isa = PBXGroup;
			children = (
				1F276152292C000800B993CD /* ImageFeed */,
				1FA61F7A29CA144A0057DD73 /* ImageFeedTests */,
				1FA61F8729CA16A80057DD73 /* ImageFeedUITests */,
				1F276151292C000800B993CD /* Products */,
			);
			sourceTree = "<group>";
		};
		1F276151292C000800B993CD /* Products */ = {
			isa = PBXGroup;
			children = (
				1F276150292C000800B993CD /* ImageFeed.app */,
				1FA61F7929CA14490057DD73 /* ImageFeedTests.xctest */,
				1FA61F8629CA16A80057DD73 /* ImageFeedUITests.xctest */,
			);
			name = Products;
			sourceTree = "<group>";
		};
		1F276152292C000800B993CD /* ImageFeed */ = {
			isa = PBXGroup;
			children = (
				1F6FAA28299F648100CC990E /* TabBarController.swift */,
				1FC4D46129892585002D4E8E /* UIBlockingProgressHUD.swift */,
				1F25864E297566B2004294EA /* SplashViewController */,
				1F25864829756119004294EA /* ServiceAccessLayer */,
				1F2AC0A22969A59D007B5B88 /* AuthView */,
				1FCBB8EB2955B0520079F3C8 /* Helpers */,
				1F27618A292D09AA00B993CD /* AppsSetting */,
				1F276189292D099600B993CD /* ImagesList */,
				1FAA12912938CA42000ED239 /* Profile */,
				1FAA1296294341D9000ED239 /* SingleImageView */,
				1F276159292C000800B993CD /* Main.storyboard */,
				1F27615E292C000900B993CD /* LaunchScreen.storyboard */,
				1F27615C292C000900B993CD /* Assets.xcassets */,
				1F276161292C000900B993CD /* Info.plist */,
			);
			path = ImageFeed;
			sourceTree = "<group>";
		};
		1F276189292D099600B993CD /* ImagesList */ = {
			isa = PBXGroup;
			children = (
				1F276157292C000800B993CD /* ImagesListViewController.swift */,
				1F276187292D091C00B993CD /* ImagesListCell.swift */,
				1F1832E529B6270B00B19DA4 /* ImagesListService.swift */,
				1F1832E729B7453100B19DA4 /* PhotoResult.swift */,
				1F1832E929B7462700B19DA4 /* Photo.swift */,
			);
			path = ImagesList;
			sourceTree = "<group>";
		};
		1F27618A292D09AA00B993CD /* AppsSetting */ = {
			isa = PBXGroup;
			children = (
				1F276153292C000800B993CD /* AppDelegate.swift */,
				1F276155292C000800B993CD /* SceneDelegate.swift */,
			);
			path = AppsSetting;
			sourceTree = "<group>";
		};
		1F2AC0A22969A59D007B5B88 /* AuthView */ = {
			isa = PBXGroup;
			children = (
				1F2AC0A32969A5B1007B5B88 /* AuthViewController.swift */,
				1F2AC0A52969B954007B5B88 /* WebViewViewController.swift */,
				1FA61F6F29CA07BB0057DD73 /* WebViewPresenter.swift */,
				1FA61F7329CA0E780057DD73 /* AuthHelper.swift */,
			);
			path = AuthView;
			sourceTree = "<group>";
		};
		1FA61F7A29CA144A0057DD73 /* ImageFeedTests */ = {
			isa = PBXGroup;
			children = (
				1FA61F7B29CA144A0057DD73 /* WebViewTests.swift */,
				1FA61F9129CA1C1A0057DD73 /* ProfileViewTest.swift */,
				1FA61F9329CA1C3D0057DD73 /* ImageListViewTest.swift */,
			);
			path = ImageFeedTests;
			sourceTree = "<group>";
		};
		1FA61F8729CA16A80057DD73 /* ImageFeedUITests */ = {
			isa = PBXGroup;
			children = (
				1FA61F8829CA16A80057DD73 /* ImageFeedUITests.swift */,
			);
			path = ImageFeedUITests;
			sourceTree = "<group>";
		};
		1FAA12912938CA42000ED239 /* Profile */ = {
			isa = PBXGroup;
			children = (
				1FC4D46329892769002D4E8E /* ProfileService.swift */,
				1FAA12922938CA5B000ED239 /* ProfileViewController.swift */,
				1FC4D46529892F9B002D4E8E /* Profile.swift */,
				1FC4D46729892FBD002D4E8E /* ProfileResult.swift */,
				1F6FAA1F299A419F00CC990E /* ProfileImageService.swift */,
				1F6FAA21299A41E400CC990E /* UserResult.swift */,
			);
			path = Profile;
			sourceTree = "<group>";
		};
		1FAA1296294341D9000ED239 /* SingleImageView */ = {
			isa = PBXGroup;
			children = (
				1FAA129429433F35000ED239 /* SingleImageViewController.swift */,
			);
			path = SingleImageView;
			sourceTree = "<group>";
		};
		1FCBB8EB2955B0520079F3C8 /* Helpers */ = {
			isa = PBXGroup;
			children = (
				1FCBB8EC2955B0670079F3C8 /* Color.swift */,
				1F2AC0A0295D86D4007B5B88 /* AuthConfiguration.swift */,
				1F6FAA1D299A3D6800CC990E /* UILabel.swift */,
				1F6FAA19299A3D2F00CC990E /* URLSession.swift */,
				1F6FAA1B299A3D4D00CC990E /* UIViewController.swift */,
				1F6FAA26299A5C7100CC990E /* UIImage.swift */,
				1F1832EB29B7465100B19DA4 /* Date.swift */,
				1F1832FA29B7540F00B19DA4 /* Gradient.swift */,
			);
			path = Helpers;
			sourceTree = "<group>";
		};
/* End PBXGroup section */

/* Begin PBXNativeTarget section */
		1F27614F292C000800B993CD /* ImageFeed */ = {
			isa = PBXNativeTarget;
			buildConfigurationList = 1F276164292C000900B993CD /* Build configuration list for PBXNativeTarget "ImageFeed" */;
			buildPhases = (
				1F27614C292C000800B993CD /* Sources */,
				1F27614D292C000800B993CD /* Frameworks */,
				1F27614E292C000800B993CD /* Resources */,
			);
			buildRules = (
			);
			dependencies = (
			);
			name = ImageFeed;
			packageProductDependencies = (
				1FC4D459298915C4002D4E8E /* ProgressHUD */,
				1FC4D45C2989161E002D4E8E /* Kingfisher */,
				1FC4D45F2989163C002D4E8E /* SwiftKeychainWrapper */,
			);
			productName = ImageFeed;
			productReference = 1F276150292C000800B993CD /* ImageFeed.app */;
			productType = "com.apple.product-type.application";
		};
		1FA61F7829CA14490057DD73 /* ImageFeedTests */ = {
			isa = PBXNativeTarget;
			buildConfigurationList = 1FA61F7F29CA144A0057DD73 /* Build configuration list for PBXNativeTarget "ImageFeedTests" */;
			buildPhases = (
				1FA61F7529CA14490057DD73 /* Sources */,
				1FA61F7629CA14490057DD73 /* Frameworks */,
				1FA61F7729CA14490057DD73 /* Resources */,
			);
			buildRules = (
			);
			dependencies = (
				1FA61F7E29CA144A0057DD73 /* PBXTargetDependency */,
			);
			name = ImageFeedTests;
			productName = ImageFeedTests;
			productReference = 1FA61F7929CA14490057DD73 /* ImageFeedTests.xctest */;
			productType = "com.apple.product-type.bundle.unit-test";
		};
		1FA61F8529CA16A80057DD73 /* ImageFeedUITests */ = {
			isa = PBXNativeTarget;
			buildConfigurationList = 1FA61F8E29CA16A80057DD73 /* Build configuration list for PBXNativeTarget "ImageFeedUITests" */;
			buildPhases = (
				1FA61F8229CA16A80057DD73 /* Sources */,
				1FA61F8329CA16A80057DD73 /* Frameworks */,
				1FA61F8429CA16A80057DD73 /* Resources */,
			);
			buildRules = (
			);
			dependencies = (
				1FA61F8D29CA16A80057DD73 /* PBXTargetDependency */,
			);
			name = ImageFeedUITests;
			productName = ImageFeedUITests;
			productReference = 1FA61F8629CA16A80057DD73 /* ImageFeedUITests.xctest */;
			productType = "com.apple.product-type.bundle.ui-testing";
		};
/* End PBXNativeTarget section */

/* Begin PBXProject section */
		1F276148292C000800B993CD /* Project object */ = {
			isa = PBXProject;
			attributes = {
				BuildIndependentTargetsInParallel = 1;
				LastSwiftUpdateCheck = 1420;
				LastUpgradeCheck = 1400;
				TargetAttributes = {
					1F27614F292C000800B993CD = {
						CreatedOnToolsVersion = 14.0.1;
					};
					1FA61F7829CA14490057DD73 = {
						CreatedOnToolsVersion = 14.2;
						TestTargetID = 1F27614F292C000800B993CD;
					};
					1FA61F8529CA16A80057DD73 = {
						CreatedOnToolsVersion = 14.2;
						TestTargetID = 1F27614F292C000800B993CD;
					};
				};
			};
			buildConfigurationList = 1F27614B292C000800B993CD /* Build configuration list for PBXProject "ImageFeed" */;
			compatibilityVersion = "Xcode 14.0";
			developmentRegion = en;
			hasScannedForEncodings = 0;
			knownRegions = (
				en,
				Base,
			);
			mainGroup = 1F276147292C000800B993CD;
			packageReferences = (
				1FC4D458298915C4002D4E8E /* XCRemoteSwiftPackageReference "ProgressHUD" */,
				1FC4D45B2989161E002D4E8E /* XCRemoteSwiftPackageReference "Kingfisher" */,
				1FC4D45E2989163C002D4E8E /* XCRemoteSwiftPackageReference "SwiftKeychainWrapper" */,
			);
			productRefGroup = 1F276151292C000800B993CD /* Products */;
			projectDirPath = "";
			projectRoot = "";
			targets = (
				1F27614F292C000800B993CD /* ImageFeed */,
				1FA61F7829CA14490057DD73 /* ImageFeedTests */,
				1FA61F8529CA16A80057DD73 /* ImageFeedUITests */,
			);
		};
/* End PBXProject section */

/* Begin PBXResourcesBuildPhase section */
		1F27614E292C000800B993CD /* Resources */ = {
			isa = PBXResourcesBuildPhase;
			buildActionMask = 2147483647;
			files = (
				1F276160292C000900B993CD /* LaunchScreen.storyboard in Resources */,
				1F27615D292C000900B993CD /* Assets.xcassets in Resources */,
				1F27615B292C000800B993CD /* Main.storyboard in Resources */,
			);
			runOnlyForDeploymentPostprocessing = 0;
		};
		1FA61F7729CA14490057DD73 /* Resources */ = {
			isa = PBXResourcesBuildPhase;
			buildActionMask = 2147483647;
			files = (
			);
			runOnlyForDeploymentPostprocessing = 0;
		};
		1FA61F8429CA16A80057DD73 /* Resources */ = {
			isa = PBXResourcesBuildPhase;
			buildActionMask = 2147483647;
			files = (
			);
			runOnlyForDeploymentPostprocessing = 0;
		};
/* End PBXResourcesBuildPhase section */

/* Begin PBXSourcesBuildPhase section */
		1F27614C292C000800B993CD /* Sources */ = {
			isa = PBXSourcesBuildPhase;
			buildActionMask = 2147483647;
			files = (
				1F1832EA29B7462700B19DA4 /* Photo.swift in Sources */,
				1F25864D29756157004294EA /* OAuth2TokenStorage.swift in Sources */,
				1F2AC0A62969B954007B5B88 /* WebViewViewController.swift in Sources */,
				1FAA12932938CA5B000ED239 /* ProfileViewController.swift in Sources */,
				1F6FAA1C299A3D4D00CC990E /* UIViewController.swift in Sources */,
				1F1832FB29B7540F00B19DA4 /* Gradient.swift in Sources */,
				1F1832EC29B7465100B19DA4 /* Date.swift in Sources */,
				1F2AC0A1295D86D4007B5B88 /* AuthConfiguration.swift in Sources */,
				1FA61F7029CA07BB0057DD73 /* WebViewPresenter.swift in Sources */,
				1F276158292C000800B993CD /* ImagesListViewController.swift in Sources */,
				1F1832E829B7453100B19DA4 /* PhotoResult.swift in Sources */,
				1F25864B29756144004294EA /* OAuth2Service.swift in Sources */,
				1F258650297566C8004294EA /* SplashViewController.swift in Sources */,
				1F6FAA25299A4FF200CC990E /* OAuthTokenResponseBody.swift in Sources */,
				1F6FAA27299A5C7100CC990E /* UIImage.swift in Sources */,
				1FCBB8ED2955B0670079F3C8 /* Color.swift in Sources */,
				1FC4D46829892FBD002D4E8E /* ProfileResult.swift in Sources */,
				1F6FAA1E299A3D6800CC990E /* UILabel.swift in Sources */,
				1F6FAA22299A41E400CC990E /* UserResult.swift in Sources */,
				1F276188292D091C00B993CD /* ImagesListCell.swift in Sources */,
				1FC4D46629892F9B002D4E8E /* Profile.swift in Sources */,
				1F276154292C000800B993CD /* AppDelegate.swift in Sources */,
				1FAA129529433F35000ED239 /* SingleImageViewController.swift in Sources */,
				1F6FAA29299F648100CC990E /* TabBarController.swift in Sources */,
				1F6FAA20299A419F00CC990E /* ProfileImageService.swift in Sources */,
				1F2AC0A42969A5B1007B5B88 /* AuthViewController.swift in Sources */,
				1F6FAA1A299A3D2F00CC990E /* URLSession.swift in Sources */,
				1F276156292C000800B993CD /* SceneDelegate.swift in Sources */,
				1FC4D46229892585002D4E8E /* UIBlockingProgressHUD.swift in Sources */,
				1FA61F7429CA0E780057DD73 /* AuthHelper.swift in Sources */,
				1FC4D46429892769002D4E8E /* ProfileService.swift in Sources */,
				1F1832E629B6270B00B19DA4 /* ImagesListService.swift in Sources */,
			);
			runOnlyForDeploymentPostprocessing = 0;
		};
		1FA61F7529CA14490057DD73 /* Sources */ = {
			isa = PBXSourcesBuildPhase;
			buildActionMask = 2147483647;
			files = (
				1FA61F9229CA1C1A0057DD73 /* ProfileViewTest.swift in Sources */,
				1FA61F7C29CA144A0057DD73 /* WebViewTests.swift in Sources */,
				1FA61F9429CA1C3D0057DD73 /* ImageListViewTest.swift in Sources */,
			);
			runOnlyForDeploymentPostprocessing = 0;
		};
		1FA61F8229CA16A80057DD73 /* Sources */ = {
			isa = PBXSourcesBuildPhase;
			buildActionMask = 2147483647;
			files = (
				1FA61F8929CA16A80057DD73 /* ImageFeedUITests.swift in Sources */,
			);
			runOnlyForDeploymentPostprocessing = 0;
		};
/* End PBXSourcesBuildPhase section */

/* Begin PBXTargetDependency section */
		1FA61F7E29CA144A0057DD73 /* PBXTargetDependency */ = {
			isa = PBXTargetDependency;
			target = 1F27614F292C000800B993CD /* ImageFeed */;
			targetProxy = 1FA61F7D29CA144A0057DD73 /* PBXContainerItemProxy */;
		};
		1FA61F8D29CA16A80057DD73 /* PBXTargetDependency */ = {
			isa = PBXTargetDependency;
			target = 1F27614F292C000800B993CD /* ImageFeed */;
			targetProxy = 1FA61F8C29CA16A80057DD73 /* PBXContainerItemProxy */;
		};
/* End PBXTargetDependency section */

/* Begin PBXVariantGroup section */
		1F276159292C000800B993CD /* Main.storyboard */ = {
			isa = PBXVariantGroup;
			children = (
				1F27615A292C000800B993CD /* Base */,
			);
			name = Main.storyboard;
			sourceTree = "<group>";
		};
		1F27615E292C000900B993CD /* LaunchScreen.storyboard */ = {
			isa = PBXVariantGroup;
			children = (
				1F27615F292C000900B993CD /* Base */,
			);
			name = LaunchScreen.storyboard;
			sourceTree = "<group>";
		};
/* End PBXVariantGroup section */

/* Begin XCBuildConfiguration section */
		1F276162292C000900B993CD /* Debug */ = {
			isa = XCBuildConfiguration;
			buildSettings = {
				ALWAYS_SEARCH_USER_PATHS = NO;
				CLANG_ANALYZER_NONNULL = YES;
				CLANG_ANALYZER_NUMBER_OBJECT_CONVERSION = YES_AGGRESSIVE;
				CLANG_CXX_LANGUAGE_STANDARD = "gnu++20";
				CLANG_ENABLE_MODULES = YES;
				CLANG_ENABLE_OBJC_ARC = YES;
				CLANG_ENABLE_OBJC_WEAK = YES;
				CLANG_WARN_BLOCK_CAPTURE_AUTORELEASING = YES;
				CLANG_WARN_BOOL_CONVERSION = YES;
				CLANG_WARN_COMMA = YES;
				CLANG_WARN_CONSTANT_CONVERSION = YES;
				CLANG_WARN_DEPRECATED_OBJC_IMPLEMENTATIONS = YES;
				CLANG_WARN_DIRECT_OBJC_ISA_USAGE = YES_ERROR;
				CLANG_WARN_DOCUMENTATION_COMMENTS = YES;
				CLANG_WARN_EMPTY_BODY = YES;
				CLANG_WARN_ENUM_CONVERSION = YES;
				CLANG_WARN_INFINITE_RECURSION = YES;
				CLANG_WARN_INT_CONVERSION = YES;
				CLANG_WARN_NON_LITERAL_NULL_CONVERSION = YES;
				CLANG_WARN_OBJC_IMPLICIT_RETAIN_SELF = YES;
				CLANG_WARN_OBJC_LITERAL_CONVERSION = YES;
				CLANG_WARN_OBJC_ROOT_CLASS = YES_ERROR;
				CLANG_WARN_QUOTED_INCLUDE_IN_FRAMEWORK_HEADER = YES;
				CLANG_WARN_RANGE_LOOP_ANALYSIS = YES;
				CLANG_WARN_STRICT_PROTOTYPES = YES;
				CLANG_WARN_SUSPICIOUS_MOVE = YES;
				CLANG_WARN_UNGUARDED_AVAILABILITY = YES_AGGRESSIVE;
				CLANG_WARN_UNREACHABLE_CODE = YES;
				CLANG_WARN__DUPLICATE_METHOD_MATCH = YES;
				COPY_PHASE_STRIP = NO;
				DEBUG_INFORMATION_FORMAT = dwarf;
				ENABLE_STRICT_OBJC_MSGSEND = YES;
				ENABLE_TESTABILITY = YES;
				GCC_C_LANGUAGE_STANDARD = gnu11;
				GCC_DYNAMIC_NO_PIC = NO;
				GCC_NO_COMMON_BLOCKS = YES;
				GCC_OPTIMIZATION_LEVEL = 0;
				GCC_PREPROCESSOR_DEFINITIONS = (
					"DEBUG=1",
					"$(inherited)",
				);
				GCC_WARN_64_TO_32_BIT_CONVERSION = YES;
				GCC_WARN_ABOUT_RETURN_TYPE = YES_ERROR;
				GCC_WARN_UNDECLARED_SELECTOR = YES;
				GCC_WARN_UNINITIALIZED_AUTOS = YES_AGGRESSIVE;
				GCC_WARN_UNUSED_FUNCTION = YES;
				GCC_WARN_UNUSED_VARIABLE = YES;
				IPHONEOS_DEPLOYMENT_TARGET = 13.0;
				MTL_ENABLE_DEBUG_INFO = INCLUDE_SOURCE;
				MTL_FAST_MATH = YES;
				ONLY_ACTIVE_ARCH = YES;
				SDKROOT = iphoneos;
				SWIFT_ACTIVE_COMPILATION_CONDITIONS = DEBUG;
				SWIFT_OPTIMIZATION_LEVEL = "-Onone";
			};
			name = Debug;
		};
		1F276163292C000900B993CD /* Release */ = {
			isa = XCBuildConfiguration;
			buildSettings = {
				ALWAYS_SEARCH_USER_PATHS = NO;
				CLANG_ANALYZER_NONNULL = YES;
				CLANG_ANALYZER_NUMBER_OBJECT_CONVERSION = YES_AGGRESSIVE;
				CLANG_CXX_LANGUAGE_STANDARD = "gnu++20";
				CLANG_ENABLE_MODULES = YES;
				CLANG_ENABLE_OBJC_ARC = YES;
				CLANG_ENABLE_OBJC_WEAK = YES;
				CLANG_WARN_BLOCK_CAPTURE_AUTORELEASING = YES;
				CLANG_WARN_BOOL_CONVERSION = YES;
				CLANG_WARN_COMMA = YES;
				CLANG_WARN_CONSTANT_CONVERSION = YES;
				CLANG_WARN_DEPRECATED_OBJC_IMPLEMENTATIONS = YES;
				CLANG_WARN_DIRECT_OBJC_ISA_USAGE = YES_ERROR;
				CLANG_WARN_DOCUMENTATION_COMMENTS = YES;
				CLANG_WARN_EMPTY_BODY = YES;
				CLANG_WARN_ENUM_CONVERSION = YES;
				CLANG_WARN_INFINITE_RECURSION = YES;
				CLANG_WARN_INT_CONVERSION = YES;
				CLANG_WARN_NON_LITERAL_NULL_CONVERSION = YES;
				CLANG_WARN_OBJC_IMPLICIT_RETAIN_SELF = YES;
				CLANG_WARN_OBJC_LITERAL_CONVERSION = YES;
				CLANG_WARN_OBJC_ROOT_CLASS = YES_ERROR;
				CLANG_WARN_QUOTED_INCLUDE_IN_FRAMEWORK_HEADER = YES;
				CLANG_WARN_RANGE_LOOP_ANALYSIS = YES;
				CLANG_WARN_STRICT_PROTOTYPES = YES;
				CLANG_WARN_SUSPICIOUS_MOVE = YES;
				CLANG_WARN_UNGUARDED_AVAILABILITY = YES_AGGRESSIVE;
				CLANG_WARN_UNREACHABLE_CODE = YES;
				CLANG_WARN__DUPLICATE_METHOD_MATCH = YES;
				COPY_PHASE_STRIP = NO;
				DEBUG_INFORMATION_FORMAT = "dwarf-with-dsym";
				ENABLE_NS_ASSERTIONS = NO;
				ENABLE_STRICT_OBJC_MSGSEND = YES;
				GCC_C_LANGUAGE_STANDARD = gnu11;
				GCC_NO_COMMON_BLOCKS = YES;
				GCC_WARN_64_TO_32_BIT_CONVERSION = YES;
				GCC_WARN_ABOUT_RETURN_TYPE = YES_ERROR;
				GCC_WARN_UNDECLARED_SELECTOR = YES;
				GCC_WARN_UNINITIALIZED_AUTOS = YES_AGGRESSIVE;
				GCC_WARN_UNUSED_FUNCTION = YES;
				GCC_WARN_UNUSED_VARIABLE = YES;
				IPHONEOS_DEPLOYMENT_TARGET = 13.0;
				MTL_ENABLE_DEBUG_INFO = NO;
				MTL_FAST_MATH = YES;
				SDKROOT = iphoneos;
				SWIFT_COMPILATION_MODE = wholemodule;
				SWIFT_OPTIMIZATION_LEVEL = "-O";
				VALIDATE_PRODUCT = YES;
			};
			name = Release;
		};
		1F276165292C000900B993CD /* Debug */ = {
			isa = XCBuildConfiguration;
			buildSettings = {
				ASSETCATALOG_COMPILER_APPICON_NAME = AppIcon;
				ASSETCATALOG_COMPILER_GLOBAL_ACCENT_COLOR_NAME = AccentColor;
				CODE_SIGN_STYLE = Automatic;
				CURRENT_PROJECT_VERSION = 1;
				DEVELOPMENT_TEAM = NHPG6G3743;
				GENERATE_INFOPLIST_FILE = YES;
				INFOPLIST_FILE = ImageFeed/Info.plist;
				INFOPLIST_KEY_UIApplicationSupportsIndirectInputEvents = YES;
				INFOPLIST_KEY_UILaunchStoryboardName = LaunchScreen;
				INFOPLIST_KEY_UIMainStoryboardFile = Main;
				INFOPLIST_KEY_UISupportedInterfaceOrientations = UIInterfaceOrientationPortrait;
				INFOPLIST_KEY_UISupportedInterfaceOrientations_iPad = "UIInterfaceOrientationLandscapeLeft UIInterfaceOrientationLandscapeRight UIInterfaceOrientationPortrait UIInterfaceOrientationPortraitUpsideDown";
				IPHONEOS_DEPLOYMENT_TARGET = 13.0;
				LD_RUNPATH_SEARCH_PATHS = (
					"$(inherited)",
					"@executable_path/Frameworks",
				);
				MARKETING_VERSION = 1.0;
				PRODUCT_BUNDLE_IDENTIFIER = ekaterina.iOS.ImageFeed;
				PRODUCT_NAME = "$(TARGET_NAME)";
				SUPPORTED_PLATFORMS = "iphoneos iphonesimulator";
				SUPPORTS_MACCATALYST = NO;
				SUPPORTS_MAC_DESIGNED_FOR_IPHONE_IPAD = NO;
				SWIFT_EMIT_LOC_STRINGS = YES;
				SWIFT_VERSION = 5.0;
				TARGETED_DEVICE_FAMILY = 1;
			};
			name = Debug;
		};
		1F276166292C000900B993CD /* Release */ = {
			isa = XCBuildConfiguration;
			buildSettings = {
				ASSETCATALOG_COMPILER_APPICON_NAME = AppIcon;
				ASSETCATALOG_COMPILER_GLOBAL_ACCENT_COLOR_NAME = AccentColor;
				CODE_SIGN_STYLE = Automatic;
				CURRENT_PROJECT_VERSION = 1;
				DEVELOPMENT_TEAM = NHPG6G3743;
				GENERATE_INFOPLIST_FILE = YES;
				INFOPLIST_FILE = ImageFeed/Info.plist;
				INFOPLIST_KEY_UIApplicationSupportsIndirectInputEvents = YES;
				INFOPLIST_KEY_UILaunchStoryboardName = LaunchScreen;
				INFOPLIST_KEY_UIMainStoryboardFile = Main;
				INFOPLIST_KEY_UISupportedInterfaceOrientations = UIInterfaceOrientationPortrait;
				INFOPLIST_KEY_UISupportedInterfaceOrientations_iPad = "UIInterfaceOrientationLandscapeLeft UIInterfaceOrientationLandscapeRight UIInterfaceOrientationPortrait UIInterfaceOrientationPortraitUpsideDown";
				IPHONEOS_DEPLOYMENT_TARGET = 13.0;
				LD_RUNPATH_SEARCH_PATHS = (
					"$(inherited)",
					"@executable_path/Frameworks",
				);
				MARKETING_VERSION = 1.0;
				PRODUCT_BUNDLE_IDENTIFIER = ekaterina.iOS.ImageFeed;
				PRODUCT_NAME = "$(TARGET_NAME)";
				SUPPORTED_PLATFORMS = "iphoneos iphonesimulator";
				SUPPORTS_MACCATALYST = NO;
				SUPPORTS_MAC_DESIGNED_FOR_IPHONE_IPAD = NO;
				SWIFT_EMIT_LOC_STRINGS = YES;
				SWIFT_VERSION = 5.0;
				TARGETED_DEVICE_FAMILY = 1;
			};
			name = Release;
		};
		1FA61F8029CA144A0057DD73 /* Debug */ = {
			isa = XCBuildConfiguration;
			buildSettings = {
				BUNDLE_LOADER = "$(TEST_HOST)";
				CODE_SIGN_STYLE = Automatic;
				CURRENT_PROJECT_VERSION = 1;
				DEVELOPMENT_TEAM = NHPG6G3743;
				GENERATE_INFOPLIST_FILE = YES;
				IPHONEOS_DEPLOYMENT_TARGET = 16.2;
				MARKETING_VERSION = 1.0;
				PRODUCT_BUNDLE_IDENTIFIER = ekaterina.iOS.ImageFeedTests;
				PRODUCT_NAME = "$(TARGET_NAME)";
				SWIFT_EMIT_LOC_STRINGS = NO;
				SWIFT_VERSION = 5.0;
				TARGETED_DEVICE_FAMILY = "1,2";
				TEST_HOST = "$(BUILT_PRODUCTS_DIR)/ImageFeed.app/$(BUNDLE_EXECUTABLE_FOLDER_PATH)/ImageFeed";
			};
			name = Debug;
		};
		1FA61F8129CA144A0057DD73 /* Release */ = {
			isa = XCBuildConfiguration;
			buildSettings = {
				BUNDLE_LOADER = "$(TEST_HOST)";
				CODE_SIGN_STYLE = Automatic;
				CURRENT_PROJECT_VERSION = 1;
				DEVELOPMENT_TEAM = NHPG6G3743;
				GENERATE_INFOPLIST_FILE = YES;
				IPHONEOS_DEPLOYMENT_TARGET = 16.2;
				MARKETING_VERSION = 1.0;
				PRODUCT_BUNDLE_IDENTIFIER = ekaterina.iOS.ImageFeedTests;
				PRODUCT_NAME = "$(TARGET_NAME)";
				SWIFT_EMIT_LOC_STRINGS = NO;
				SWIFT_VERSION = 5.0;
				TARGETED_DEVICE_FAMILY = "1,2";
				TEST_HOST = "$(BUILT_PRODUCTS_DIR)/ImageFeed.app/$(BUNDLE_EXECUTABLE_FOLDER_PATH)/ImageFeed";
			};
			name = Release;
		};
		1FA61F8F29CA16A80057DD73 /* Debug */ = {
			isa = XCBuildConfiguration;
			buildSettings = {
				CODE_SIGN_STYLE = Automatic;
				CURRENT_PROJECT_VERSION = 1;
				DEVELOPMENT_TEAM = NHPG6G3743;
				GENERATE_INFOPLIST_FILE = YES;
				IPHONEOS_DEPLOYMENT_TARGET = 16.2;
				MARKETING_VERSION = 1.0;
				PRODUCT_BUNDLE_IDENTIFIER = ekaterina.iOS.ImageFeedUITests;
				PRODUCT_NAME = "$(TARGET_NAME)";
				SWIFT_EMIT_LOC_STRINGS = NO;
				SWIFT_VERSION = 5.0;
				TARGETED_DEVICE_FAMILY = "1,2";
				TEST_TARGET_NAME = ImageFeed;
			};
			name = Debug;
		};
		1FA61F9029CA16A80057DD73 /* Release */ = {
			isa = XCBuildConfiguration;
			buildSettings = {
				CODE_SIGN_STYLE = Automatic;
				CURRENT_PROJECT_VERSION = 1;
				DEVELOPMENT_TEAM = NHPG6G3743;
				GENERATE_INFOPLIST_FILE = YES;
				IPHONEOS_DEPLOYMENT_TARGET = 16.2;
				MARKETING_VERSION = 1.0;
				PRODUCT_BUNDLE_IDENTIFIER = ekaterina.iOS.ImageFeedUITests;
				PRODUCT_NAME = "$(TARGET_NAME)";
				SWIFT_EMIT_LOC_STRINGS = NO;
				SWIFT_VERSION = 5.0;
				TARGETED_DEVICE_FAMILY = "1,2";
				TEST_TARGET_NAME = ImageFeed;
			};
			name = Release;
		};
/* End XCBuildConfiguration section */

/* Begin XCConfigurationList section */
		1F27614B292C000800B993CD /* Build configuration list for PBXProject "ImageFeed" */ = {
			isa = XCConfigurationList;
			buildConfigurations = (
				1F276162292C000900B993CD /* Debug */,
				1F276163292C000900B993CD /* Release */,
			);
			defaultConfigurationIsVisible = 0;
			defaultConfigurationName = Release;
		};
		1F276164292C000900B993CD /* Build configuration list for PBXNativeTarget "ImageFeed" */ = {
			isa = XCConfigurationList;
			buildConfigurations = (
				1F276165292C000900B993CD /* Debug */,
				1F276166292C000900B993CD /* Release */,
			);
			defaultConfigurationIsVisible = 0;
			defaultConfigurationName = Release;
		};
		1FA61F7F29CA144A0057DD73 /* Build configuration list for PBXNativeTarget "ImageFeedTests" */ = {
			isa = XCConfigurationList;
			buildConfigurations = (
				1FA61F8029CA144A0057DD73 /* Debug */,
				1FA61F8129CA144A0057DD73 /* Release */,
			);
			defaultConfigurationIsVisible = 0;
			defaultConfigurationName = Release;
		};
		1FA61F8E29CA16A80057DD73 /* Build configuration list for PBXNativeTarget "ImageFeedUITests" */ = {
			isa = XCConfigurationList;
			buildConfigurations = (
				1FA61F8F29CA16A80057DD73 /* Debug */,
				1FA61F9029CA16A80057DD73 /* Release */,
			);
			defaultConfigurationIsVisible = 0;
			defaultConfigurationName = Release;
		};
/* End XCConfigurationList section */

/* Begin XCRemoteSwiftPackageReference section */
		1FC4D458298915C4002D4E8E /* XCRemoteSwiftPackageReference "ProgressHUD" */ = {
			isa = XCRemoteSwiftPackageReference;
			repositoryURL = "https://github.com/relatedcode/ProgressHUD";
			requirement = {
				branch = master;
				kind = branch;
			};
		};
		1FC4D45B2989161E002D4E8E /* XCRemoteSwiftPackageReference "Kingfisher" */ = {
			isa = XCRemoteSwiftPackageReference;
			repositoryURL = "https://github.com/onevcat/Kingfisher.git";
			requirement = {
				kind = upToNextMajorVersion;
				minimumVersion = 7.0.0;
			};
		};
		1FC4D45E2989163C002D4E8E /* XCRemoteSwiftPackageReference "SwiftKeychainWrapper" */ = {
			isa = XCRemoteSwiftPackageReference;
			repositoryURL = "https://github.com/jrendel/SwiftKeychainWrapper.git";
			requirement = {
				branch = develop;
				kind = branch;
			};
		};
/* End XCRemoteSwiftPackageReference section */

/* Begin XCSwiftPackageProductDependency section */
		1FC4D459298915C4002D4E8E /* ProgressHUD */ = {
			isa = XCSwiftPackageProductDependency;
			package = 1FC4D458298915C4002D4E8E /* XCRemoteSwiftPackageReference "ProgressHUD" */;
			productName = ProgressHUD;
		};
		1FC4D45C2989161E002D4E8E /* Kingfisher */ = {
			isa = XCSwiftPackageProductDependency;
			package = 1FC4D45B2989161E002D4E8E /* XCRemoteSwiftPackageReference "Kingfisher" */;
			productName = Kingfisher;
		};
		1FC4D45F2989163C002D4E8E /* SwiftKeychainWrapper */ = {
			isa = XCSwiftPackageProductDependency;
			package = 1FC4D45E2989163C002D4E8E /* XCRemoteSwiftPackageReference "SwiftKeychainWrapper" */;
			productName = SwiftKeychainWrapper;
		};
/* End XCSwiftPackageProductDependency section */
	};
	rootObject = 1F276148292C000800B993CD /* Project object */;
}
