// !$*UTF8*$!
{
	archiveVersion = 1;
	classes = {
	};
	objectVersion = 56;
	objects = {

/* Begin PBXBuildFile section */
		1F25864B29756144004294EA /* OAuth2Service.swift in Sources */ = {isa = PBXBuildFile; fileRef = 1F25864A29756144004294EA /* OAuth2Service.swift */; };
		1F25864D29756157004294EA /* OAuth2TokenStorage.swift in Sources */ = {isa = PBXBuildFile; fileRef = 1F25864C29756157004294EA /* OAuth2TokenStorage.swift */; };
		1F258650297566C8004294EA /* SplashViewController.swift in Sources */ = {isa = PBXBuildFile; fileRef = 1F25864F297566C7004294EA /* SplashViewController.swift */; };
		1F25865329756D1E004294EA /* ProgressHUD in Frameworks */ = {isa = PBXBuildFile; productRef = 1F25865229756D1E004294EA /* ProgressHUD */; };
		1F258656297578E5004294EA /* SwiftKeychainWrapper in Frameworks */ = {isa = PBXBuildFile; productRef = 1F258655297578E5004294EA /* SwiftKeychainWrapper */; };
		1F25865929757914004294EA /* Kingfisher in Frameworks */ = {isa = PBXBuildFile; productRef = 1F25865829757914004294EA /* Kingfisher */; };
		1F276154292C000800B993CD /* AppDelegate.swift in Sources */ = {isa = PBXBuildFile; fileRef = 1F276153292C000800B993CD /* AppDelegate.swift */; };
		1F276156292C000800B993CD /* SceneDelegate.swift in Sources */ = {isa = PBXBuildFile; fileRef = 1F276155292C000800B993CD /* SceneDelegate.swift */; };
		1F276158292C000800B993CD /* ImagesListViewController.swift in Sources */ = {isa = PBXBuildFile; fileRef = 1F276157292C000800B993CD /* ImagesListViewController.swift */; };
		1F27615B292C000800B993CD /* Main.storyboard in Resources */ = {isa = PBXBuildFile; fileRef = 1F276159292C000800B993CD /* Main.storyboard */; };
		1F27615D292C000900B993CD /* Assets.xcassets in Resources */ = {isa = PBXBuildFile; fileRef = 1F27615C292C000900B993CD /* Assets.xcassets */; };
		1F276160292C000900B993CD /* LaunchScreen.storyboard in Resources */ = {isa = PBXBuildFile; fileRef = 1F27615E292C000900B993CD /* LaunchScreen.storyboard */; };
		1F276188292D091C00B993CD /* ImagesListCell.swift in Sources */ = {isa = PBXBuildFile; fileRef = 1F276187292D091C00B993CD /* ImagesListCell.swift */; };
		1F2AC0A1295D86D4007B5B88 /* Constants.swift in Sources */ = {isa = PBXBuildFile; fileRef = 1F2AC0A0295D86D4007B5B88 /* Constants.swift */; };
		1F2AC0A42969A5B1007B5B88 /* AuthViewController.swift in Sources */ = {isa = PBXBuildFile; fileRef = 1F2AC0A32969A5B1007B5B88 /* AuthViewController.swift */; };
		1F2AC0A62969B954007B5B88 /* WebViewViewController.swift in Sources */ = {isa = PBXBuildFile; fileRef = 1F2AC0A52969B954007B5B88 /* WebViewViewController.swift */; };
		1FAA12932938CA5B000ED239 /* ProfileViewController.swift in Sources */ = {isa = PBXBuildFile; fileRef = 1FAA12922938CA5B000ED239 /* ProfileViewController.swift */; };
		1FAA129529433F35000ED239 /* SingleImageViewController.swift in Sources */ = {isa = PBXBuildFile; fileRef = 1FAA129429433F35000ED239 /* SingleImageViewController.swift */; };
		1FC4D43E2987CC16002D4E8E /* UIBlockingProgressHUD.swift in Sources */ = {isa = PBXBuildFile; fileRef = 1FC4D43D2987CC16002D4E8E /* UIBlockingProgressHUD.swift */; };
		1FC4D4402987D131002D4E8E /* ProfileService.swift in Sources */ = {isa = PBXBuildFile; fileRef = 1FC4D43F2987D131002D4E8E /* ProfileService.swift */; };
		1FC4D4422987D16B002D4E8E /* Profile.swift in Sources */ = {isa = PBXBuildFile; fileRef = 1FC4D4412987D16B002D4E8E /* Profile.swift */; };
		1FC4D4442987D186002D4E8E /* ProfileResult.swift in Sources */ = {isa = PBXBuildFile; fileRef = 1FC4D4432987D186002D4E8E /* ProfileResult.swift */; };
		1FC4D4462987D281002D4E8E /* URLSession.swift in Sources */ = {isa = PBXBuildFile; fileRef = 1FC4D4452987D281002D4E8E /* URLSession.swift */; };
		1FC4D4482987D308002D4E8E /* NetworkError.swift in Sources */ = {isa = PBXBuildFile; fileRef = 1FC4D4472987D308002D4E8E /* NetworkError.swift */; };
		1FC4D44A2987D3C8002D4E8E /* UserResult.swift in Sources */ = {isa = PBXBuildFile; fileRef = 1FC4D4492987D3C8002D4E8E /* UserResult.swift */; };
		1FC4D44C2987DA3F002D4E8E /* ProfileImageService.swift in Sources */ = {isa = PBXBuildFile; fileRef = 1FC4D44B2987DA3F002D4E8E /* ProfileImageService.swift */; };
		1FC4D44E2987DBD0002D4E8E /* AlertError.swift in Sources */ = {isa = PBXBuildFile; fileRef = 1FC4D44D2987DBD0002D4E8E /* AlertError.swift */; };
		1FC4D4502987DDD3002D4E8E /* ProfileView.swift in Sources */ = {isa = PBXBuildFile; fileRef = 1FC4D44F2987DDD3002D4E8E /* ProfileView.swift */; };
		1FC4D4522987DE02002D4E8E /* toAutolayout.swift in Sources */ = {isa = PBXBuildFile; fileRef = 1FC4D4512987DE02002D4E8E /* toAutolayout.swift */; };
		1FC4D4562987E00A002D4E8E /* YS Display-Bold.ttf in Resources */ = {isa = PBXBuildFile; fileRef = 1FC4D4542987E00A002D4E8E /* YS Display-Bold.ttf */; };
		1FC4D4572987E00A002D4E8E /* YS Display-Medium.ttf in Resources */ = {isa = PBXBuildFile; fileRef = 1FC4D4552987E00A002D4E8E /* YS Display-Medium.ttf */; };
		1FCBB8ED2955B0670079F3C8 /* Color.swift in Sources */ = {isa = PBXBuildFile; fileRef = 1FCBB8EC2955B0670079F3C8 /* Color.swift */; };
/* End PBXBuildFile section */

/* Begin PBXFileReference section */
		1F25864A29756144004294EA /* OAuth2Service.swift */ = {isa = PBXFileReference; lastKnownFileType = sourcecode.swift; path = OAuth2Service.swift; sourceTree = "<group>"; };
		1F25864C29756157004294EA /* OAuth2TokenStorage.swift */ = {isa = PBXFileReference; lastKnownFileType = sourcecode.swift; path = OAuth2TokenStorage.swift; sourceTree = "<group>"; };
		1F25864F297566C7004294EA /* SplashViewController.swift */ = {isa = PBXFileReference; lastKnownFileType = sourcecode.swift; path = SplashViewController.swift; sourceTree = "<group>"; };
		1F276150292C000800B993CD /* ImageFeed.app */ = {isa = PBXFileReference; explicitFileType = wrapper.application; includeInIndex = 0; path = ImageFeed.app; sourceTree = BUILT_PRODUCTS_DIR; };
		1F276153292C000800B993CD /* AppDelegate.swift */ = {isa = PBXFileReference; lastKnownFileType = sourcecode.swift; path = AppDelegate.swift; sourceTree = "<group>"; };
		1F276155292C000800B993CD /* SceneDelegate.swift */ = {isa = PBXFileReference; lastKnownFileType = sourcecode.swift; path = SceneDelegate.swift; sourceTree = "<group>"; };
		1F276157292C000800B993CD /* ImagesListViewController.swift */ = {isa = PBXFileReference; lastKnownFileType = sourcecode.swift; path = ImagesListViewController.swift; sourceTree = "<group>"; };
		1F27615A292C000800B993CD /* Base */ = {isa = PBXFileReference; lastKnownFileType = file.storyboard; name = Base; path = Base.lproj/Main.storyboard; sourceTree = "<group>"; };
		1F27615C292C000900B993CD /* Assets.xcassets */ = {isa = PBXFileReference; lastKnownFileType = folder.assetcatalog; path = Assets.xcassets; sourceTree = "<group>"; };
		1F27615F292C000900B993CD /* Base */ = {isa = PBXFileReference; lastKnownFileType = file.storyboard; name = Base; path = Base.lproj/LaunchScreen.storyboard; sourceTree = "<group>"; };
		1F276161292C000900B993CD /* Info.plist */ = {isa = PBXFileReference; lastKnownFileType = text.plist.xml; path = Info.plist; sourceTree = "<group>"; };
		1F276187292D091C00B993CD /* ImagesListCell.swift */ = {isa = PBXFileReference; lastKnownFileType = sourcecode.swift; path = ImagesListCell.swift; sourceTree = "<group>"; };
		1F2AC0A0295D86D4007B5B88 /* Constants.swift */ = {isa = PBXFileReference; lastKnownFileType = sourcecode.swift; path = Constants.swift; sourceTree = "<group>"; };
		1F2AC0A32969A5B1007B5B88 /* AuthViewController.swift */ = {isa = PBXFileReference; lastKnownFileType = sourcecode.swift; path = AuthViewController.swift; sourceTree = "<group>"; };
		1F2AC0A52969B954007B5B88 /* WebViewViewController.swift */ = {isa = PBXFileReference; lastKnownFileType = sourcecode.swift; path = WebViewViewController.swift; sourceTree = "<group>"; };
		1FAA12922938CA5B000ED239 /* ProfileViewController.swift */ = {isa = PBXFileReference; lastKnownFileType = sourcecode.swift; path = ProfileViewController.swift; sourceTree = "<group>"; };
		1FAA129429433F35000ED239 /* SingleImageViewController.swift */ = {isa = PBXFileReference; lastKnownFileType = sourcecode.swift; path = SingleImageViewController.swift; sourceTree = "<group>"; };
		1FC4D43D2987CC16002D4E8E /* UIBlockingProgressHUD.swift */ = {isa = PBXFileReference; lastKnownFileType = sourcecode.swift; path = UIBlockingProgressHUD.swift; sourceTree = "<group>"; };
		1FC4D43F2987D131002D4E8E /* ProfileService.swift */ = {isa = PBXFileReference; lastKnownFileType = sourcecode.swift; path = ProfileService.swift; sourceTree = "<group>"; };
		1FC4D4412987D16B002D4E8E /* Profile.swift */ = {isa = PBXFileReference; lastKnownFileType = sourcecode.swift; path = Profile.swift; sourceTree = "<group>"; };
		1FC4D4432987D186002D4E8E /* ProfileResult.swift */ = {isa = PBXFileReference; lastKnownFileType = sourcecode.swift; path = ProfileResult.swift; sourceTree = "<group>"; };
		1FC4D4452987D281002D4E8E /* URLSession.swift */ = {isa = PBXFileReference; lastKnownFileType = sourcecode.swift; path = URLSession.swift; sourceTree = "<group>"; };
		1FC4D4472987D308002D4E8E /* NetworkError.swift */ = {isa = PBXFileReference; lastKnownFileType = sourcecode.swift; path = NetworkError.swift; sourceTree = "<group>"; };
		1FC4D4492987D3C8002D4E8E /* UserResult.swift */ = {isa = PBXFileReference; lastKnownFileType = sourcecode.swift; path = UserResult.swift; sourceTree = "<group>"; };
		1FC4D44B2987DA3F002D4E8E /* ProfileImageService.swift */ = {isa = PBXFileReference; lastKnownFileType = sourcecode.swift; path = ProfileImageService.swift; sourceTree = "<group>"; };
		1FC4D44D2987DBD0002D4E8E /* AlertError.swift */ = {isa = PBXFileReference; lastKnownFileType = sourcecode.swift; path = AlertError.swift; sourceTree = "<group>"; };
		1FC4D44F2987DDD3002D4E8E /* ProfileView.swift */ = {isa = PBXFileReference; lastKnownFileType = sourcecode.swift; path = ProfileView.swift; sourceTree = "<group>"; };
		1FC4D4512987DE02002D4E8E /* toAutolayout.swift */ = {isa = PBXFileReference; lastKnownFileType = sourcecode.swift; path = toAutolayout.swift; sourceTree = "<group>"; };
		1FC4D4542987E00A002D4E8E /* YS Display-Bold.ttf */ = {isa = PBXFileReference; lastKnownFileType = file; path = "YS Display-Bold.ttf"; sourceTree = "<group>"; };
		1FC4D4552987E00A002D4E8E /* YS Display-Medium.ttf */ = {isa = PBXFileReference; lastKnownFileType = file; path = "YS Display-Medium.ttf"; sourceTree = "<group>"; };
		1FCBB8EC2955B0670079F3C8 /* Color.swift */ = {isa = PBXFileReference; lastKnownFileType = sourcecode.swift; path = Color.swift; sourceTree = "<group>"; };
/* End PBXFileReference section */

/* Begin PBXFrameworksBuildPhase section */
		1F27614D292C000800B993CD /* Frameworks */ = {
			isa = PBXFrameworksBuildPhase;
			buildActionMask = 2147483647;
			files = (
				1F25865929757914004294EA /* Kingfisher in Frameworks */,
				1F258656297578E5004294EA /* SwiftKeychainWrapper in Frameworks */,
				1F25865329756D1E004294EA /* ProgressHUD in Frameworks */,
			);
			runOnlyForDeploymentPostprocessing = 0;
		};
/* End PBXFrameworksBuildPhase section */

/* Begin PBXGroup section */
		1F25864829756119004294EA /* Service */ = {
			isa = PBXGroup;
			children = (
				1FC4D43D2987CC16002D4E8E /* UIBlockingProgressHUD.swift */,
				1F25864929756120004294EA /* OAuth2 */,
			);
			path = Service;
			sourceTree = "<group>";
		};
		1F25864929756120004294EA /* OAuth2 */ = {
			isa = PBXGroup;
			children = (
				1F25864A29756144004294EA /* OAuth2Service.swift */,
				1F25864C29756157004294EA /* OAuth2TokenStorage.swift */,
			);
			path = OAuth2;
			sourceTree = "<group>";
		};
		1F25864E297566B2004294EA /* SplashViewController */ = {
			isa = PBXGroup;
			children = (
				1F25864F297566C7004294EA /* SplashViewController.swift */,
			);
			path = SplashViewController;
			sourceTree = "<group>";
		};
		1F276147292C000800B993CD = {
			isa = PBXGroup;
			children = (
				1F276152292C000800B993CD /* ImageFeed */,
				1F276151292C000800B993CD /* Products */,
			);
			sourceTree = "<group>";
		};
		1F276151292C000800B993CD /* Products */ = {
			isa = PBXGroup;
			children = (
				1F276150292C000800B993CD /* ImageFeed.app */,
			);
			name = Products;
			sourceTree = "<group>";
		};
		1F276152292C000800B993CD /* ImageFeed */ = {
			isa = PBXGroup;
			children = (
				1F25864E297566B2004294EA /* SplashViewController */,
				1F25864829756119004294EA /* Service */,
				1F2AC0A22969A59D007B5B88 /* AuthView */,
				1F2AC09F295D86BC007B5B88 /* Keys */,
				1F276189292D099600B993CD /* ImagesList */,
				1FAA12912938CA42000ED239 /* Profile */,
				1FAA1296294341D9000ED239 /* SingleImageView */,
				1F27618A292D09AA00B993CD /* AppsSetting */,
				1FCBB8EB2955B0520079F3C8 /* Helpers */,
				1F276159292C000800B993CD /* Main.storyboard */,
				1F27615C292C000900B993CD /* Assets.xcassets */,
				1F27615E292C000900B993CD /* LaunchScreen.storyboard */,
				1F276161292C000900B993CD /* Info.plist */,
			);
			path = ImageFeed;
			sourceTree = "<group>";
		};
		1F276189292D099600B993CD /* ImagesList */ = {
			isa = PBXGroup;
			children = (
				1F276157292C000800B993CD /* ImagesListViewController.swift */,
				1F276187292D091C00B993CD /* ImagesListCell.swift */,
			);
			path = ImagesList;
			sourceTree = "<group>";
		};
		1F27618A292D09AA00B993CD /* AppsSetting */ = {
			isa = PBXGroup;
			children = (
				1F276153292C000800B993CD /* AppDelegate.swift */,
				1F276155292C000800B993CD /* SceneDelegate.swift */,
			);
			path = AppsSetting;
			sourceTree = "<group>";
		};
		1F2AC09F295D86BC007B5B88 /* Keys */ = {
			isa = PBXGroup;
			children = (
				1F2AC0A0295D86D4007B5B88 /* Constants.swift */,
				1FC4D4472987D308002D4E8E /* NetworkError.swift */,
				1FC4D4492987D3C8002D4E8E /* UserResult.swift */,
			);
			path = Keys;
			sourceTree = "<group>";
		};
		1F2AC0A22969A59D007B5B88 /* AuthView */ = {
			isa = PBXGroup;
			children = (
				1F2AC0A32969A5B1007B5B88 /* AuthViewController.swift */,
				1F2AC0A52969B954007B5B88 /* WebViewViewController.swift */,
			);
			path = AuthView;
			sourceTree = "<group>";
		};
		1FAA12912938CA42000ED239 /* Profile */ = {
			isa = PBXGroup;
			children = (
				1FC4D43F2987D131002D4E8E /* ProfileService.swift */,
				1FAA12922938CA5B000ED239 /* ProfileViewController.swift */,
				1FC4D4412987D16B002D4E8E /* Profile.swift */,
				1FC4D4432987D186002D4E8E /* ProfileResult.swift */,
				1FC4D44B2987DA3F002D4E8E /* ProfileImageService.swift */,
				1FC4D44F2987DDD3002D4E8E /* ProfileView.swift */,
			);
			path = Profile;
			sourceTree = "<group>";
		};
		1FAA1296294341D9000ED239 /* SingleImageView */ = {
			isa = PBXGroup;
			children = (
				1FAA129429433F35000ED239 /* SingleImageViewController.swift */,
			);
			path = SingleImageView;
			sourceTree = "<group>";
		};
		1FC4D4532987E00A002D4E8E /* ImageFeedFonts */ = {
			isa = PBXGroup;
			children = (
				1FC4D4542987E00A002D4E8E /* YS Display-Bold.ttf */,
				1FC4D4552987E00A002D4E8E /* YS Display-Medium.ttf */,
			);
			path = ImageFeedFonts;
			sourceTree = "<group>";
		};
		1FCBB8EB2955B0520079F3C8 /* Helpers */ = {
			isa = PBXGroup;
			children = (
				1FC4D4532987E00A002D4E8E /* ImageFeedFonts */,
				1FC4D4452987D281002D4E8E /* URLSession.swift */,
				1FCBB8EC2955B0670079F3C8 /* Color.swift */,
				1FC4D44D2987DBD0002D4E8E /* AlertError.swift */,
				1FC4D4512987DE02002D4E8E /* toAutolayout.swift */,
			);
			path = Helpers;
			sourceTree = "<group>";
		};
/* End PBXGroup section */

/* Begin PBXNativeTarget section */
		1F27614F292C000800B993CD /* ImageFeed */ = {
			isa = PBXNativeTarget;
			buildConfigurationList = 1F276164292C000900B993CD /* Build configuration list for PBXNativeTarget "ImageFeed" */;
			buildPhases = (
				1F27614C292C000800B993CD /* Sources */,
				1F27614D292C000800B993CD /* Frameworks */,
				1F27614E292C000800B993CD /* Resources */,
			);
			buildRules = (
			);
			dependencies = (
			);
			name = ImageFeed;
			packageProductDependencies = (
				1F25865229756D1E004294EA /* ProgressHUD */,
				1F258655297578E5004294EA /* SwiftKeychainWrapper */,
				1F25865829757914004294EA /* Kingfisher */,
			);
			productName = ImageFeed;
			productReference = 1F276150292C000800B993CD /* ImageFeed.app */;
			productType = "com.apple.product-type.application";
		};
/* End PBXNativeTarget section */

/* Begin PBXProject section */
		1F276148292C000800B993CD /* Project object */ = {
			isa = PBXProject;
			attributes = {
				BuildIndependentTargetsInParallel = 1;
				LastSwiftUpdateCheck = 1400;
				LastUpgradeCheck = 1400;
				TargetAttributes = {
					1F27614F292C000800B993CD = {
						CreatedOnToolsVersion = 14.0.1;
					};
				};
			};
			buildConfigurationList = 1F27614B292C000800B993CD /* Build configuration list for PBXProject "ImageFeed" */;
			compatibilityVersion = "Xcode 14.0";
			developmentRegion = en;
			hasScannedForEncodings = 0;
			knownRegions = (
				en,
				Base,
			);
			mainGroup = 1F276147292C000800B993CD;
			packageReferences = (
				1F25865129756D1E004294EA /* XCRemoteSwiftPackageReference "ProgressHUD" */,
				1F258654297578E5004294EA /* XCRemoteSwiftPackageReference "SwiftKeychainWrapper" */,
				1F25865729757914004294EA /* XCRemoteSwiftPackageReference "Kingfisher" */,
			);
			productRefGroup = 1F276151292C000800B993CD /* Products */;
			projectDirPath = "";
			projectRoot = "";
			targets = (
				1F27614F292C000800B993CD /* ImageFeed */,
			);
		};
/* End PBXProject section */

/* Begin PBXResourcesBuildPhase section */
		1F27614E292C000800B993CD /* Resources */ = {
			isa = PBXResourcesBuildPhase;
			buildActionMask = 2147483647;
			files = (
				1F276160292C000900B993CD /* LaunchScreen.storyboard in Resources */,
				1F27615D292C000900B993CD /* Assets.xcassets in Resources */,
				1F27615B292C000800B993CD /* Main.storyboard in Resources */,
				1FC4D4562987E00A002D4E8E /* YS Display-Bold.ttf in Resources */,
				1FC4D4572987E00A002D4E8E /* YS Display-Medium.ttf in Resources */,
			);
			runOnlyForDeploymentPostprocessing = 0;
		};
/* End PBXResourcesBuildPhase section */

/* Begin PBXSourcesBuildPhase section */
		1F27614C292C000800B993CD /* Sources */ = {
			isa = PBXSourcesBuildPhase;
			buildActionMask = 2147483647;
			files = (
				1F25864D29756157004294EA /* OAuth2TokenStorage.swift in Sources */,
				1F2AC0A62969B954007B5B88 /* WebViewViewController.swift in Sources */,
				1FAA12932938CA5B000ED239 /* ProfileViewController.swift in Sources */,
				1F2AC0A1295D86D4007B5B88 /* Constants.swift in Sources */,
				1F276158292C000800B993CD /* ImagesListViewController.swift in Sources */,
				1F25864B29756144004294EA /* OAuth2Service.swift in Sources */,
				1F258650297566C8004294EA /* SplashViewController.swift in Sources */,
				1FC4D4522987DE02002D4E8E /* toAutolayout.swift in Sources */,
				1FC4D44E2987DBD0002D4E8E /* AlertError.swift in Sources */,
				1FCBB8ED2955B0670079F3C8 /* Color.swift in Sources */,
				1FC4D4442987D186002D4E8E /* ProfileResult.swift in Sources */,
				1F276188292D091C00B993CD /* ImagesListCell.swift in Sources */,
				1FC4D4422987D16B002D4E8E /* Profile.swift in Sources */,
				1F276154292C000800B993CD /* AppDelegate.swift in Sources */,
				1FAA129529433F35000ED239 /* SingleImageViewController.swift in Sources */,
				1FC4D44A2987D3C8002D4E8E /* UserResult.swift in Sources */,
				1F2AC0A42969A5B1007B5B88 /* AuthViewController.swift in Sources */,
				1FC4D44C2987DA3F002D4E8E /* ProfileImageService.swift in Sources */,
				1FC4D4502987DDD3002D4E8E /* ProfileView.swift in Sources */,
				1FC4D4462987D281002D4E8E /* URLSession.swift in Sources */,
				1F276156292C000800B993CD /* SceneDelegate.swift in Sources */,
				1FC4D43E2987CC16002D4E8E /* UIBlockingProgressHUD.swift in Sources */,
				1FC4D4402987D131002D4E8E /* ProfileService.swift in Sources */,
				1FC4D4482987D308002D4E8E /* NetworkError.swift in Sources */,
			);
			runOnlyForDeploymentPostprocessing = 0;
		};
/* End PBXSourcesBuildPhase section */

/* Begin PBXVariantGroup section */
		1F276159292C000800B993CD /* Main.storyboard */ = {
			isa = PBXVariantGroup;
			children = (
				1F27615A292C000800B993CD /* Base */,
			);
			name = Main.storyboard;
			sourceTree = "<group>";
		};
		1F27615E292C000900B993CD /* LaunchScreen.storyboard */ = {
			isa = PBXVariantGroup;
			children = (
				1F27615F292C000900B993CD /* Base */,
			);
			name = LaunchScreen.storyboard;
			sourceTree = "<group>";
		};
/* End PBXVariantGroup section */

/* Begin XCBuildConfiguration section */
		1F276162292C000900B993CD /* Debug */ = {
			isa = XCBuildConfiguration;
			buildSettings = {
				ALWAYS_SEARCH_USER_PATHS = NO;
				CLANG_ANALYZER_NONNULL = YES;
				CLANG_ANALYZER_NUMBER_OBJECT_CONVERSION = YES_AGGRESSIVE;
				CLANG_CXX_LANGUAGE_STANDARD = "gnu++20";
				CLANG_ENABLE_MODULES = YES;
				CLANG_ENABLE_OBJC_ARC = YES;
				CLANG_ENABLE_OBJC_WEAK = YES;
				CLANG_WARN_BLOCK_CAPTURE_AUTORELEASING = YES;
				CLANG_WARN_BOOL_CONVERSION = YES;
				CLANG_WARN_COMMA = YES;
				CLANG_WARN_CONSTANT_CONVERSION = YES;
				CLANG_WARN_DEPRECATED_OBJC_IMPLEMENTATIONS = YES;
				CLANG_WARN_DIRECT_OBJC_ISA_USAGE = YES_ERROR;
				CLANG_WARN_DOCUMENTATION_COMMENTS = YES;
				CLANG_WARN_EMPTY_BODY = YES;
				CLANG_WARN_ENUM_CONVERSION = YES;
				CLANG_WARN_INFINITE_RECURSION = YES;
				CLANG_WARN_INT_CONVERSION = YES;
				CLANG_WARN_NON_LITERAL_NULL_CONVERSION = YES;
				CLANG_WARN_OBJC_IMPLICIT_RETAIN_SELF = YES;
				CLANG_WARN_OBJC_LITERAL_CONVERSION = YES;
				CLANG_WARN_OBJC_ROOT_CLASS = YES_ERROR;
				CLANG_WARN_QUOTED_INCLUDE_IN_FRAMEWORK_HEADER = YES;
				CLANG_WARN_RANGE_LOOP_ANALYSIS = YES;
				CLANG_WARN_STRICT_PROTOTYPES = YES;
				CLANG_WARN_SUSPICIOUS_MOVE = YES;
				CLANG_WARN_UNGUARDED_AVAILABILITY = YES_AGGRESSIVE;
				CLANG_WARN_UNREACHABLE_CODE = YES;
				CLANG_WARN__DUPLICATE_METHOD_MATCH = YES;
				COPY_PHASE_STRIP = NO;
				DEBUG_INFORMATION_FORMAT = dwarf;
				ENABLE_STRICT_OBJC_MSGSEND = YES;
				ENABLE_TESTABILITY = YES;
				GCC_C_LANGUAGE_STANDARD = gnu11;
				GCC_DYNAMIC_NO_PIC = NO;
				GCC_NO_COMMON_BLOCKS = YES;
				GCC_OPTIMIZATION_LEVEL = 0;
				GCC_PREPROCESSOR_DEFINITIONS = (
					"DEBUG=1",
					"$(inherited)",
				);
				GCC_WARN_64_TO_32_BIT_CONVERSION = YES;
				GCC_WARN_ABOUT_RETURN_TYPE = YES_ERROR;
				GCC_WARN_UNDECLARED_SELECTOR = YES;
				GCC_WARN_UNINITIALIZED_AUTOS = YES_AGGRESSIVE;
				GCC_WARN_UNUSED_FUNCTION = YES;
				GCC_WARN_UNUSED_VARIABLE = YES;
				IPHONEOS_DEPLOYMENT_TARGET = 13.0;
				MTL_ENABLE_DEBUG_INFO = INCLUDE_SOURCE;
				MTL_FAST_MATH = YES;
				ONLY_ACTIVE_ARCH = YES;
				SDKROOT = iphoneos;
				SWIFT_ACTIVE_COMPILATION_CONDITIONS = DEBUG;
				SWIFT_OPTIMIZATION_LEVEL = "-Onone";
			};
			name = Debug;
		};
		1F276163292C000900B993CD /* Release */ = {
			isa = XCBuildConfiguration;
			buildSettings = {
				ALWAYS_SEARCH_USER_PATHS = NO;
				CLANG_ANALYZER_NONNULL = YES;
				CLANG_ANALYZER_NUMBER_OBJECT_CONVERSION = YES_AGGRESSIVE;
				CLANG_CXX_LANGUAGE_STANDARD = "gnu++20";
				CLANG_ENABLE_MODULES = YES;
				CLANG_ENABLE_OBJC_ARC = YES;
				CLANG_ENABLE_OBJC_WEAK = YES;
				CLANG_WARN_BLOCK_CAPTURE_AUTORELEASING = YES;
				CLANG_WARN_BOOL_CONVERSION = YES;
				CLANG_WARN_COMMA = YES;
				CLANG_WARN_CONSTANT_CONVERSION = YES;
				CLANG_WARN_DEPRECATED_OBJC_IMPLEMENTATIONS = YES;
				CLANG_WARN_DIRECT_OBJC_ISA_USAGE = YES_ERROR;
				CLANG_WARN_DOCUMENTATION_COMMENTS = YES;
				CLANG_WARN_EMPTY_BODY = YES;
				CLANG_WARN_ENUM_CONVERSION = YES;
				CLANG_WARN_INFINITE_RECURSION = YES;
				CLANG_WARN_INT_CONVERSION = YES;
				CLANG_WARN_NON_LITERAL_NULL_CONVERSION = YES;
				CLANG_WARN_OBJC_IMPLICIT_RETAIN_SELF = YES;
				CLANG_WARN_OBJC_LITERAL_CONVERSION = YES;
				CLANG_WARN_OBJC_ROOT_CLASS = YES_ERROR;
				CLANG_WARN_QUOTED_INCLUDE_IN_FRAMEWORK_HEADER = YES;
				CLANG_WARN_RANGE_LOOP_ANALYSIS = YES;
				CLANG_WARN_STRICT_PROTOTYPES = YES;
				CLANG_WARN_SUSPICIOUS_MOVE = YES;
				CLANG_WARN_UNGUARDED_AVAILABILITY = YES_AGGRESSIVE;
				CLANG_WARN_UNREACHABLE_CODE = YES;
				CLANG_WARN__DUPLICATE_METHOD_MATCH = YES;
				COPY_PHASE_STRIP = NO;
				DEBUG_INFORMATION_FORMAT = "dwarf-with-dsym";
				ENABLE_NS_ASSERTIONS = NO;
				ENABLE_STRICT_OBJC_MSGSEND = YES;
				GCC_C_LANGUAGE_STANDARD = gnu11;
				GCC_NO_COMMON_BLOCKS = YES;
				GCC_WARN_64_TO_32_BIT_CONVERSION = YES;
				GCC_WARN_ABOUT_RETURN_TYPE = YES_ERROR;
				GCC_WARN_UNDECLARED_SELECTOR = YES;
				GCC_WARN_UNINITIALIZED_AUTOS = YES_AGGRESSIVE;
				GCC_WARN_UNUSED_FUNCTION = YES;
				GCC_WARN_UNUSED_VARIABLE = YES;
				IPHONEOS_DEPLOYMENT_TARGET = 13.0;
				MTL_ENABLE_DEBUG_INFO = NO;
				MTL_FAST_MATH = YES;
				SDKROOT = iphoneos;
				SWIFT_COMPILATION_MODE = wholemodule;
				SWIFT_OPTIMIZATION_LEVEL = "-O";
				VALIDATE_PRODUCT = YES;
			};
			name = Release;
		};
		1F276165292C000900B993CD /* Debug */ = {
			isa = XCBuildConfiguration;
			buildSettings = {
				ASSETCATALOG_COMPILER_APPICON_NAME = AppIcon;
				ASSETCATALOG_COMPILER_GLOBAL_ACCENT_COLOR_NAME = AccentColor;
				CODE_SIGN_STYLE = Automatic;
				CURRENT_PROJECT_VERSION = 1;
				DEVELOPMENT_TEAM = NHPG6G3743;
				GENERATE_INFOPLIST_FILE = YES;
				INFOPLIST_FILE = ImageFeed/Info.plist;
				INFOPLIST_KEY_UIApplicationSupportsIndirectInputEvents = YES;
				INFOPLIST_KEY_UILaunchStoryboardName = LaunchScreen;
				INFOPLIST_KEY_UIMainStoryboardFile = Main;
				INFOPLIST_KEY_UISupportedInterfaceOrientations = UIInterfaceOrientationPortrait;
				INFOPLIST_KEY_UISupportedInterfaceOrientations_iPad = "UIInterfaceOrientationLandscapeLeft UIInterfaceOrientationLandscapeRight UIInterfaceOrientationPortrait UIInterfaceOrientationPortraitUpsideDown";
				IPHONEOS_DEPLOYMENT_TARGET = 13.0;
				LD_RUNPATH_SEARCH_PATHS = (
					"$(inherited)",
					"@executable_path/Frameworks",
				);
				MARKETING_VERSION = 1.0;
				PRODUCT_BUNDLE_IDENTIFIER = ekaterina.iOS.ImageFeed;
				PRODUCT_NAME = "$(TARGET_NAME)";
				SUPPORTED_PLATFORMS = "iphoneos iphonesimulator";
				SUPPORTS_MACCATALYST = NO;
				SUPPORTS_MAC_DESIGNED_FOR_IPHONE_IPAD = NO;
				SWIFT_EMIT_LOC_STRINGS = YES;
				SWIFT_VERSION = 5.0;
				TARGETED_DEVICE_FAMILY = 1;
			};
			name = Debug;
		};
		1F276166292C000900B993CD /* Release */ = {
			isa = XCBuildConfiguration;
			buildSettings = {
				ASSETCATALOG_COMPILER_APPICON_NAME = AppIcon;
				ASSETCATALOG_COMPILER_GLOBAL_ACCENT_COLOR_NAME = AccentColor;
				CODE_SIGN_STYLE = Automatic;
				CURRENT_PROJECT_VERSION = 1;
				DEVELOPMENT_TEAM = NHPG6G3743;
				GENERATE_INFOPLIST_FILE = YES;
				INFOPLIST_FILE = ImageFeed/Info.plist;
				INFOPLIST_KEY_UIApplicationSupportsIndirectInputEvents = YES;
				INFOPLIST_KEY_UILaunchStoryboardName = LaunchScreen;
				INFOPLIST_KEY_UIMainStoryboardFile = Main;
				INFOPLIST_KEY_UISupportedInterfaceOrientations = UIInterfaceOrientationPortrait;
				INFOPLIST_KEY_UISupportedInterfaceOrientations_iPad = "UIInterfaceOrientationLandscapeLeft UIInterfaceOrientationLandscapeRight UIInterfaceOrientationPortrait UIInterfaceOrientationPortraitUpsideDown";
				IPHONEOS_DEPLOYMENT_TARGET = 13.0;
				LD_RUNPATH_SEARCH_PATHS = (
					"$(inherited)",
					"@executable_path/Frameworks",
				);
				MARKETING_VERSION = 1.0;
				PRODUCT_BUNDLE_IDENTIFIER = ekaterina.iOS.ImageFeed;
				PRODUCT_NAME = "$(TARGET_NAME)";
				SUPPORTED_PLATFORMS = "iphoneos iphonesimulator";
				SUPPORTS_MACCATALYST = NO;
				SUPPORTS_MAC_DESIGNED_FOR_IPHONE_IPAD = NO;
				SWIFT_EMIT_LOC_STRINGS = YES;
				SWIFT_VERSION = 5.0;
				TARGETED_DEVICE_FAMILY = 1;
			};
			name = Release;
		};
/* End XCBuildConfiguration section */

/* Begin XCConfigurationList section */
		1F27614B292C000800B993CD /* Build configuration list for PBXProject "ImageFeed" */ = {
			isa = XCConfigurationList;
			buildConfigurations = (
				1F276162292C000900B993CD /* Debug */,
				1F276163292C000900B993CD /* Release */,
			);
			defaultConfigurationIsVisible = 0;
			defaultConfigurationName = Release;
		};
		1F276164292C000900B993CD /* Build configuration list for PBXNativeTarget "ImageFeed" */ = {
			isa = XCConfigurationList;
			buildConfigurations = (
				1F276165292C000900B993CD /* Debug */,
				1F276166292C000900B993CD /* Release */,
			);
			defaultConfigurationIsVisible = 0;
			defaultConfigurationName = Release;
		};
/* End XCConfigurationList section */

/* Begin XCRemoteSwiftPackageReference section */
		1F25865129756D1E004294EA /* XCRemoteSwiftPackageReference "ProgressHUD" */ = {
			isa = XCRemoteSwiftPackageReference;
			repositoryURL = "https://github.com/relatedcode/ProgressHUD";
			requirement = {
				kind = upToNextMajorVersion;
				minimumVersion = 13.0.0;
			};
		};
		1F258654297578E5004294EA /* XCRemoteSwiftPackageReference "SwiftKeychainWrapper" */ = {
			isa = XCRemoteSwiftPackageReference;
			repositoryURL = "https://github.com/jrendel/SwiftKeychainWrapper.git";
			requirement = {
				kind = upToNextMajorVersion;
				minimumVersion = 4.0.0;
			};
		};
		1F25865729757914004294EA /* XCRemoteSwiftPackageReference "Kingfisher" */ = {
			isa = XCRemoteSwiftPackageReference;
			repositoryURL = "https://github.com/onevcat/Kingfisher.git";
			requirement = {
				kind = upToNextMajorVersion;
				minimumVersion = 7.0.0;
			};
		};
/* End XCRemoteSwiftPackageReference section */

/* Begin XCSwiftPackageProductDependency section */
		1F25865229756D1E004294EA /* ProgressHUD */ = {
			isa = XCSwiftPackageProductDependency;
			package = 1F25865129756D1E004294EA /* XCRemoteSwiftPackageReference "ProgressHUD" */;
			productName = ProgressHUD;
		};
		1F258655297578E5004294EA /* SwiftKeychainWrapper */ = {
			isa = XCSwiftPackageProductDependency;
			package = 1F258654297578E5004294EA /* XCRemoteSwiftPackageReference "SwiftKeychainWrapper" */;
			productName = SwiftKeychainWrapper;
		};
		1F25865829757914004294EA /* Kingfisher */ = {
			isa = XCSwiftPackageProductDependency;
			package = 1F25865729757914004294EA /* XCRemoteSwiftPackageReference "Kingfisher" */;
			productName = Kingfisher;
		};
/* End XCSwiftPackageProductDependency section */
	};
	rootObject = 1F276148292C000800B993CD /* Project object */;
}
